
Microsoft Visual Studio Solution File, Format Version 12.00
# Visual Studio Version 16
VisualStudioVersion = 16.0.31019.194
MinimumVisualStudioVersion = 10.0.40219.1
Project("{FAE04EC0-301F-11D3-BF4B-00C04F79EFBC}") = "LeetCode", "LeetCode\LeetCode.csproj", "{1FEA8457-A9F7-4174-AC08-529F8C829B4D}"
EndProject
Global
	GlobalSection(SolutionConfigurationPlatforms) = preSolution
		Debug|Any CPU = Debug|Any CPU
		Release|Any CPU = Release|Any CPU
	EndGlobalSection
	GlobalSection(ProjectConfigurationPlatforms) = postSolution
		{1FEA8457-A9F7-4174-AC08-529F8C829B4D}.Debug|Any CPU.ActiveCfg = Debug|Any CPU
		{1FEA8457-A9F7-4174-AC08-529F8C829B4D}.Debug|Any CPU.Build.0 = Debug|Any CPU
		{1FEA8457-A9F7-4174-AC08-529F8C829B4D}.Release|Any CPU.ActiveCfg = Release|Any CPU
		{1FEA8457-A9F7-4174-AC08-529F8C829B4D}.Release|Any CPU.Build.0 = Release|Any CPU
	EndGlobalSection
	GlobalSection(SolutionProperties) = preSolution
		HideSolutionNode = FALSE
	EndGlobalSection
	GlobalSection(ExtensibilityGlobals) = postSolution
		SolutionGuid = {EEE8103C-8D9E-4744-B438-92FDEC398B2F}
	EndGlobalSection
EndGlobal
